
Microsoft Visual Studio Solution File, Format Version 12.00
# Visual Studio 14
VisualStudioVersion = 14.0.22823.1
MinimumVisualStudioVersion = 10.0.40219.1
Project("{2150E333-8FDC-42A3-9474-1A3956D46DE8}") = "PokerPalooza_universal", "PokerPalooza_universal", "{B3538CA3-E96E-4A85-A5BF-98DCF22413AD}"
EndProject
Project("{D954291E-2A0B-460D-934E-DC6B0785DB48}") = "PokerPalooza_universal.Shared", "PokerPalooza_universal\PokerPalooza_universal.Shared\PokerPalooza_universal.Shared.shproj", "{9CF947A1-D5FB-4D2E-9E8A-E61543FC919A}"
EndProject
Project("{FAE04EC0-301F-11D3-BF4B-00C04F79EFBC}") = "PokerPalooza_universal.Windows", "PokerPalooza_universal\PokerPalooza_universal.Windows\PokerPalooza_universal.Windows.csproj", "{47A8EB74-2D39-4E78-A78D-8FE5BEB35C7D}"
EndProject
Project("{FAE04EC0-301F-11D3-BF4B-00C04F79EFBC}") = "PokerPalooza_universal.WindowsPhone", "PokerPalooza_universal\PokerPalooza_universal.WindowsPhone\PokerPalooza_universal.WindowsPhone.csproj", "{3866E95B-6955-4BD3-A958-5F1AA302666B}"
EndProject
Global
	GlobalSection(SharedMSBuildProjectFiles) = preSolution
		PokerPalooza_universal\PokerPalooza_universal.Shared\PokerPalooza_universal.Shared.projitems*{9cf947a1-d5fb-4d2e-9e8a-e61543fc919a}*SharedItemsImports = 13
		PokerPalooza_universal\PokerPalooza_universal.Shared\PokerPalooza_universal.Shared.projitems*{47a8eb74-2d39-4e78-a78d-8fe5beb35c7d}*SharedItemsImports = 4
		PokerPalooza_universal\PokerPalooza_universal.Shared\PokerPalooza_universal.Shared.projitems*{3866e95b-6955-4bd3-a958-5f1aa302666b}*SharedItemsImports = 4
	EndGlobalSection
	GlobalSection(SolutionConfigurationPlatforms) = preSolution
		Debug|Any CPU = Debug|Any CPU
		Debug|ARM = Debug|ARM
		Debug|x64 = Debug|x64
		Debug|x86 = Debug|x86
		Release|Any CPU = Release|Any CPU
		Release|ARM = Release|ARM
		Release|x64 = Release|x64
		Release|x86 = Release|x86
	EndGlobalSection
	GlobalSection(ProjectConfigurationPlatforms) = postSolution
		{47A8EB74-2D39-4E78-A78D-8FE5BEB35C7D}.Debug|Any CPU.ActiveCfg = Debug|Any CPU
		{47A8EB74-2D39-4E78-A78D-8FE5BEB35C7D}.Debug|Any CPU.Build.0 = Debug|Any CPU
		{47A8EB74-2D39-4E78-A78D-8FE5BEB35C7D}.Debug|Any CPU.Deploy.0 = Debug|Any CPU
		{47A8EB74-2D39-4E78-A78D-8FE5BEB35C7D}.Debug|ARM.ActiveCfg = Debug|ARM
		{47A8EB74-2D39-4E78-A78D-8FE5BEB35C7D}.Debug|ARM.Build.0 = Debug|ARM
		{47A8EB74-2D39-4E78-A78D-8FE5BEB35C7D}.Debug|ARM.Deploy.0 = Debug|ARM
		{47A8EB74-2D39-4E78-A78D-8FE5BEB35C7D}.Debug|x64.ActiveCfg = Debug|x64
		{47A8EB74-2D39-4E78-A78D-8FE5BEB35C7D}.Debug|x64.Build.0 = Debug|x64
		{47A8EB74-2D39-4E78-A78D-8FE5BEB35C7D}.Debug|x64.Deploy.0 = Debug|x64
		{47A8EB74-2D39-4E78-A78D-8FE5BEB35C7D}.Debug|x86.ActiveCfg = Debug|x86
		{47A8EB74-2D39-4E78-A78D-8FE5BEB35C7D}.Debug|x86.Build.0 = Debug|x86
		{47A8EB74-2D39-4E78-A78D-8FE5BEB35C7D}.Debug|x86.Deploy.0 = Debug|x86
		{47A8EB74-2D39-4E78-A78D-8FE5BEB35C7D}.Release|Any CPU.ActiveCfg = Release|Any CPU
		{47A8EB74-2D39-4E78-A78D-8FE5BEB35C7D}.Release|Any CPU.Build.0 = Release|Any CPU
		{47A8EB74-2D39-4E78-A78D-8FE5BEB35C7D}.Release|Any CPU.Deploy.0 = Release|Any CPU
		{47A8EB74-2D39-4E78-A78D-8FE5BEB35C7D}.Release|ARM.ActiveCfg = Release|ARM
		{47A8EB74-2D39-4E78-A78D-8FE5BEB35C7D}.Release|ARM.Build.0 = Release|ARM
		{47A8EB74-2D39-4E78-A78D-8FE5BEB35C7D}.Release|ARM.Deploy.0 = Release|ARM
		{47A8EB74-2D39-4E78-A78D-8FE5BEB35C7D}.Release|x64.ActiveCfg = Release|x64
		{47A8EB74-2D39-4E78-A78D-8FE5BEB35C7D}.Release|x64.Build.0 = Release|x64
		{47A8EB74-2D39-4E78-A78D-8FE5BEB35C7D}.Release|x64.Deploy.0 = Release|x64
		{47A8EB74-2D39-4E78-A78D-8FE5BEB35C7D}.Release|x86.ActiveCfg = Release|x86
		{47A8EB74-2D39-4E78-A78D-8FE5BEB35C7D}.Release|x86.Build.0 = Release|x86
		{47A8EB74-2D39-4E78-A78D-8FE5BEB35C7D}.Release|x86.Deploy.0 = Release|x86
		{3866E95B-6955-4BD3-A958-5F1AA302666B}.Debug|Any CPU.ActiveCfg = Debug|Any CPU
		{3866E95B-6955-4BD3-A958-5F1AA302666B}.Debug|Any CPU.Build.0 = Debug|Any CPU
		{3866E95B-6955-4BD3-A958-5F1AA302666B}.Debug|Any CPU.Deploy.0 = Debug|Any CPU
		{3866E95B-6955-4BD3-A958-5F1AA302666B}.Debug|ARM.ActiveCfg = Debug|ARM
		{3866E95B-6955-4BD3-A958-5F1AA302666B}.Debug|ARM.Build.0 = Debug|ARM
		{3866E95B-6955-4BD3-A958-5F1AA302666B}.Debug|ARM.Deploy.0 = Debug|ARM
		{3866E95B-6955-4BD3-A958-5F1AA302666B}.Debug|x64.ActiveCfg = Debug|Any CPU
		{3866E95B-6955-4BD3-A958-5F1AA302666B}.Debug|x64.Build.0 = Debug|Any CPU
		{3866E95B-6955-4BD3-A958-5F1AA302666B}.Debug|x64.Deploy.0 = Debug|Any CPU
		{3866E95B-6955-4BD3-A958-5F1AA302666B}.Debug|x86.ActiveCfg = Debug|x86
		{3866E95B-6955-4BD3-A958-5F1AA302666B}.Debug|x86.Build.0 = Debug|x86
		{3866E95B-6955-4BD3-A958-5F1AA302666B}.Debug|x86.Deploy.0 = Debug|x86
		{3866E95B-6955-4BD3-A958-5F1AA302666B}.Release|Any CPU.ActiveCfg = Release|Any CPU
		{3866E95B-6955-4BD3-A958-5F1AA302666B}.Release|Any CPU.Build.0 = Release|Any CPU
		{3866E95B-6955-4BD3-A958-5F1AA302666B}.Release|Any CPU.Deploy.0 = Release|Any CPU
		{3866E95B-6955-4BD3-A958-5F1AA302666B}.Release|ARM.ActiveCfg = Release|ARM
		{3866E95B-6955-4BD3-A958-5F1AA302666B}.Release|ARM.Build.0 = Release|ARM
		{3866E95B-6955-4BD3-A958-5F1AA302666B}.Release|ARM.Deploy.0 = Release|ARM
		{3866E95B-6955-4BD3-A958-5F1AA302666B}.Release|x64.ActiveCfg = Release|Any CPU
		{3866E95B-6955-4BD3-A958-5F1AA302666B}.Release|x64.Build.0 = Release|Any CPU
		{3866E95B-6955-4BD3-A958-5F1AA302666B}.Release|x64.Deploy.0 = Release|Any CPU
		{3866E95B-6955-4BD3-A958-5F1AA302666B}.Release|x86.ActiveCfg = Release|x86
		{3866E95B-6955-4BD3-A958-5F1AA302666B}.Release|x86.Build.0 = Release|x86
		{3866E95B-6955-4BD3-A958-5F1AA302666B}.Release|x86.Deploy.0 = Release|x86
	EndGlobalSection
	GlobalSection(SolutionProperties) = preSolution
		HideSolutionNode = FALSE
	EndGlobalSection
	GlobalSection(NestedProjects) = preSolution
		{9CF947A1-D5FB-4D2E-9E8A-E61543FC919A} = {B3538CA3-E96E-4A85-A5BF-98DCF22413AD}
		{47A8EB74-2D39-4E78-A78D-8FE5BEB35C7D} = {B3538CA3-E96E-4A85-A5BF-98DCF22413AD}
		{3866E95B-6955-4BD3-A958-5F1AA302666B} = {B3538CA3-E96E-4A85-A5BF-98DCF22413AD}
	EndGlobalSection
EndGlobal
